
Microsoft Visual Studio Solution File, Format Version 12.00
# Visual Studio Version 16
VisualStudioVersion = 16.0.29509.3
MinimumVisualStudioVersion = 10.0.40219.1
Project("{FAE04EC0-301F-11D3-BF4B-00C04F79EFBC}") = "MoreStack", "MoreStack.csproj", "{73AB32EB-00A1-4615-970B-44974A83E0D6}"
EndProject
Global
	GlobalSection(SolutionConfigurationPlatforms) = preSolution
		Debug|Any CPU = Debug|Any CPU
		Release|Any CPU = Release|Any CPU
	EndGlobalSection
	GlobalSection(ProjectConfigurationPlatforms) = postSolution
		{73AB32EB-00A1-4615-970B-44974A83E0D6}.Debug|Any CPU.ActiveCfg = Debug|Any CPU
		{73AB32EB-00A1-4615-970B-44974A83E0D6}.Debug|Any CPU.Build.0 = Debug|Any CPU
		{73AB32EB-00A1-4615-970B-44974A83E0D6}.Release|Any CPU.ActiveCfg = Release|Any CPU
		{73AB32EB-00A1-4615-970B-44974A83E0D6}.Release|Any CPU.Build.0 = Release|Any CPU
	EndGlobalSection
	GlobalSection(SolutionProperties) = preSolution
		HideSolutionNode = FALSE
	EndGlobalSection
	GlobalSection(ExtensibilityGlobals) = postSolution
		SolutionGuid = {600D3095-241F-40D3-A761-FB969FC26AE6}
	EndGlobalSection
EndGlobal
